github.com/joho/godotenv v1.5.1 h1:7eLL/+HRGLY0ldzfGMeQkb7vMd0as4CfYvUVzLqw0N0=
github.com/joho/godotenv v1.5.1/go.mod h1:f4LDr5Voq0i2e/R5DDNOoa2zzDfwtkZa6DnEwAbqwq4=
github.com/otiai10/mint v1.4.1 h1:HOVBfKP1oXIc0wWo9hZ8JLdZtyCPWqjvmFDuVZ0yv2Y=
github.com/otiai10/openaigo v1.0.0 h1:E4SoShWjMVltBAkM4/QsxGPhPKZlpKp0GSK6Ov1MSOg=
github.com/otiai10/openaigo v1.0.0/go.mod h1:792bx6AWTS61weDi2EzKpHHnTF4eDMAlJ5GvAk/mgPg=
